uuid: 7cf4c448-24c4-4025-9107-826957135feb
langcode: en
status: true
dependencies:
  content:
    - 'block_content:basic:0ab6f5e1-0b0d-4ff0-a8f6-55815466395a'
  module:
    - block_content
  theme:
    - janus
id: logoblock
theme: janus
region: logo_footer
weight: -4
provider: null
plugin: 'block_content:0ab6f5e1-0b0d-4ff0-a8f6-55815466395a'
settings:
  id: 'block_content:0ab6f5e1-0b0d-4ff0-a8f6-55815466395a'
  label: 'Logo Block'
  provider: block_content
  label_display: '0'
  status: true
  info: ''
  view_mode: full
visibility: {  }
